
Microsoft Visual Studio Solution File, Format Version 12.00
# Visual Studio Version 16
VisualStudioVersion = 16.0.31019.35
MinimumVisualStudioVersion = 10.0.40219.1
Project("{FAE04EC0-301F-11D3-BF4B-00C04F79EFBC}") = "ChessGame", "ChessGame.csproj", "{4865A2CF-C286-4EFE-AE4E-B98C7D6055F9}"
EndProject
Global
	GlobalSection(SolutionConfigurationPlatforms) = preSolution
		Debug|Any CPU = Debug|Any CPU
		Release|Any CPU = Release|Any CPU
	EndGlobalSection
	GlobalSection(ProjectConfigurationPlatforms) = postSolution
		{4865A2CF-C286-4EFE-AE4E-B98C7D6055F9}.Debug|Any CPU.ActiveCfg = Debug|Any CPU
		{4865A2CF-C286-4EFE-AE4E-B98C7D6055F9}.Debug|Any CPU.Build.0 = Debug|Any CPU
		{4865A2CF-C286-4EFE-AE4E-B98C7D6055F9}.Release|Any CPU.ActiveCfg = Release|Any CPU
		{4865A2CF-C286-4EFE-AE4E-B98C7D6055F9}.Release|Any CPU.Build.0 = Release|Any CPU
	EndGlobalSection
	GlobalSection(SolutionProperties) = preSolution
		HideSolutionNode = FALSE
	EndGlobalSection
	GlobalSection(ExtensibilityGlobals) = postSolution
		SolutionGuid = {CC74A700-323A-4A49-A55F-BC10E501CB29}
	EndGlobalSection
EndGlobal
